
Microsoft Visual Studio Solution File, Format Version 12.00
# Visual Studio Version 16
VisualStudioVersion = 16.0.31729.503
MinimumVisualStudioVersion = 10.0.40219.1
Project("{FAE04EC0-301F-11D3-BF4B-00C04F79EFBC}") = "Day5_Practice_Programs", "Day5_Practice_Programs.csproj", "{5EB6A5EE-8A91-4B5B-9724-A3C570B4CA66}"
EndProject
Global
	GlobalSection(SolutionConfigurationPlatforms) = preSolution
		Debug|Any CPU = Debug|Any CPU
		Release|Any CPU = Release|Any CPU
	EndGlobalSection
	GlobalSection(ProjectConfigurationPlatforms) = postSolution
		{5EB6A5EE-8A91-4B5B-9724-A3C570B4CA66}.Debug|Any CPU.ActiveCfg = Debug|Any CPU
		{5EB6A5EE-8A91-4B5B-9724-A3C570B4CA66}.Debug|Any CPU.Build.0 = Debug|Any CPU
		{5EB6A5EE-8A91-4B5B-9724-A3C570B4CA66}.Release|Any CPU.ActiveCfg = Release|Any CPU
		{5EB6A5EE-8A91-4B5B-9724-A3C570B4CA66}.Release|Any CPU.Build.0 = Release|Any CPU
	EndGlobalSection
	GlobalSection(SolutionProperties) = preSolution
		HideSolutionNode = FALSE
	EndGlobalSection
	GlobalSection(ExtensibilityGlobals) = postSolution
		SolutionGuid = {3EA4F1AB-ABE6-4904-B114-F9F842E25941}
	EndGlobalSection
EndGlobal
